
Microsoft Visual Studio Solution File, Format Version 12.00
# Visual Studio Version 17
VisualStudioVersion = 17.0.31903.59
MinimumVisualStudioVersion = 10.0.40219.1
Project("{9A19103F-16F7-4668-BE54-9A1E7A4F7556}") = "PrimeService", "PrimeService\PrimeService.csproj", "{31C8F056-2168-4414-8D6D-5E6EA15A5233}"
EndProject
Project("{FAE04EC0-301F-11D3-BF4B-00C04F79EFBC}") = "PrimeService.Tests", "PrimeService.Tests\PrimeService.Tests.csproj", "{A602E785-1FE6-4251-ABC8-F14A8DA26590}"
EndProject
Global
	GlobalSection(SolutionConfigurationPlatforms) = preSolution
		Debug|Any CPU = Debug|Any CPU
		Release|Any CPU = Release|Any CPU
	EndGlobalSection
	GlobalSection(ProjectConfigurationPlatforms) = postSolution
		{31C8F056-2168-4414-8D6D-5E6EA15A5233}.Debug|Any CPU.ActiveCfg = Debug|Any CPU
		{31C8F056-2168-4414-8D6D-5E6EA15A5233}.Debug|Any CPU.Build.0 = Debug|Any CPU
		{31C8F056-2168-4414-8D6D-5E6EA15A5233}.Release|Any CPU.ActiveCfg = Release|Any CPU
		{31C8F056-2168-4414-8D6D-5E6EA15A5233}.Release|Any CPU.Build.0 = Release|Any CPU
		{A602E785-1FE6-4251-ABC8-F14A8DA26590}.Debug|Any CPU.ActiveCfg = Debug|Any CPU
		{A602E785-1FE6-4251-ABC8-F14A8DA26590}.Debug|Any CPU.Build.0 = Debug|Any CPU
		{A602E785-1FE6-4251-ABC8-F14A8DA26590}.Release|Any CPU.ActiveCfg = Release|Any CPU
		{A602E785-1FE6-4251-ABC8-F14A8DA26590}.Release|Any CPU.Build.0 = Release|Any CPU
	EndGlobalSection
	GlobalSection(SolutionProperties) = preSolution
		HideSolutionNode = FALSE
	EndGlobalSection
EndGlobal
